
Microsoft Visual Studio Solution File, Format Version 12.00
# Visual Studio Version 16
VisualStudioVersion = 16.0.34407.143
MinimumVisualStudioVersion = 10.0.40219.1
Project("{FAE04EC0-301F-11D3-BF4B-00C04F79EFBC}") = "WebApiNetsuite", "WebApiNetsuite\WebApiNetsuite.csproj", "{B12CE777-A927-41C2-952B-3BC582562BBD}"
EndProject
Global
	GlobalSection(SolutionConfigurationPlatforms) = preSolution
		Debug|Any CPU = Debug|Any CPU
		Release|Any CPU = Release|Any CPU
	EndGlobalSection
	GlobalSection(ProjectConfigurationPlatforms) = postSolution
		{B12CE777-A927-41C2-952B-3BC582562BBD}.Debug|Any CPU.ActiveCfg = Debug|Any CPU
		{B12CE777-A927-41C2-952B-3BC582562BBD}.Debug|Any CPU.Build.0 = Debug|Any CPU
		{B12CE777-A927-41C2-952B-3BC582562BBD}.Release|Any CPU.ActiveCfg = Release|Any CPU
		{B12CE777-A927-41C2-952B-3BC582562BBD}.Release|Any CPU.Build.0 = Release|Any CPU
	EndGlobalSection
	GlobalSection(SolutionProperties) = preSolution
		HideSolutionNode = FALSE
	EndGlobalSection
	GlobalSection(ExtensibilityGlobals) = postSolution
		SolutionGuid = {20241AB0-360F-4845-9A85-4A89CFC73F54}
	EndGlobalSection
EndGlobal
